
Microsoft Visual Studio Solution File, Format Version 12.00
Project("{FAE04EC0-301F-11D3-BF4B-00C04F79EFBC}") = "RemoteLea.Core", "RemoteLea.Core\RemoteLea.Core.csproj", "{3E2301D1-CC62-44D1-B330-8232ED4C40EF}"
EndProject
Project("{FAE04EC0-301F-11D3-BF4B-00C04F79EFBC}") = "RemoteLea.Tests", "RemoteLea.Tests\RemoteLea.Tests.csproj", "{D6277DB0-B9F0-4534-939C-DC13815C5FA2}"
EndProject
Project("{FAE04EC0-301F-11D3-BF4B-00C04F79EFBC}") = "RemoteLea.Serialization.AsmStyle", "RemoteLea.Serialization.AsmStyle\RemoteLea.Serialization.AsmStyle.csproj", "{772794A9-6641-485A-A676-CBC8D7852F3F}"
EndProject
Project("{FAE04EC0-301F-11D3-BF4B-00C04F79EFBC}") = "RemoteLea.Meadow", "RemoteLea.Meadow\RemoteLea.Meadow.csproj", "{48FDDB3C-B158-4460-9E17-DA57E94DFC3C}"
EndProject
Project("{FAE04EC0-301F-11D3-BF4B-00C04F79EFBC}") = "RemoteLea.Meadow.Desktop", "RemoteLea.Meadow.Desktop\RemoteLea.Meadow.Desktop.csproj", "{1DB3DB4D-0B77-4469-A4B5-B5FFCD752536}"
EndProject
Global
	GlobalSection(SolutionConfigurationPlatforms) = preSolution
		Debug|Any CPU = Debug|Any CPU
		Release|Any CPU = Release|Any CPU
	EndGlobalSection
	GlobalSection(ProjectConfigurationPlatforms) = postSolution
		{3E2301D1-CC62-44D1-B330-8232ED4C40EF}.Debug|Any CPU.ActiveCfg = Debug|Any CPU
		{3E2301D1-CC62-44D1-B330-8232ED4C40EF}.Debug|Any CPU.Build.0 = Debug|Any CPU
		{3E2301D1-CC62-44D1-B330-8232ED4C40EF}.Release|Any CPU.ActiveCfg = Release|Any CPU
		{3E2301D1-CC62-44D1-B330-8232ED4C40EF}.Release|Any CPU.Build.0 = Release|Any CPU
		{D6277DB0-B9F0-4534-939C-DC13815C5FA2}.Debug|Any CPU.ActiveCfg = Debug|Any CPU
		{D6277DB0-B9F0-4534-939C-DC13815C5FA2}.Debug|Any CPU.Build.0 = Debug|Any CPU
		{D6277DB0-B9F0-4534-939C-DC13815C5FA2}.Release|Any CPU.ActiveCfg = Release|Any CPU
		{D6277DB0-B9F0-4534-939C-DC13815C5FA2}.Release|Any CPU.Build.0 = Release|Any CPU
		{772794A9-6641-485A-A676-CBC8D7852F3F}.Debug|Any CPU.ActiveCfg = Debug|Any CPU
		{772794A9-6641-485A-A676-CBC8D7852F3F}.Debug|Any CPU.Build.0 = Debug|Any CPU
		{772794A9-6641-485A-A676-CBC8D7852F3F}.Release|Any CPU.ActiveCfg = Release|Any CPU
		{772794A9-6641-485A-A676-CBC8D7852F3F}.Release|Any CPU.Build.0 = Release|Any CPU
		{48FDDB3C-B158-4460-9E17-DA57E94DFC3C}.Debug|Any CPU.ActiveCfg = Debug|Any CPU
		{48FDDB3C-B158-4460-9E17-DA57E94DFC3C}.Debug|Any CPU.Build.0 = Debug|Any CPU
		{48FDDB3C-B158-4460-9E17-DA57E94DFC3C}.Release|Any CPU.ActiveCfg = Release|Any CPU
		{48FDDB3C-B158-4460-9E17-DA57E94DFC3C}.Release|Any CPU.Build.0 = Release|Any CPU
		{1DB3DB4D-0B77-4469-A4B5-B5FFCD752536}.Debug|Any CPU.ActiveCfg = Debug|Any CPU
		{1DB3DB4D-0B77-4469-A4B5-B5FFCD752536}.Debug|Any CPU.Build.0 = Debug|Any CPU
		{1DB3DB4D-0B77-4469-A4B5-B5FFCD752536}.Release|Any CPU.ActiveCfg = Release|Any CPU
		{1DB3DB4D-0B77-4469-A4B5-B5FFCD752536}.Release|Any CPU.Build.0 = Release|Any CPU
	EndGlobalSection
EndGlobal
